
Microsoft Visual Studio Solution File, Format Version 12.00
# Visual Studio Version 17
VisualStudioVersion = 17.7.34031.279
MinimumVisualStudioVersion = 10.0.40219.1
Project("{FAE04EC0-301F-11D3-BF4B-00C04F79EFBC}") = "Task Done", "Task Done\Task Done.csproj", "{56A19D8C-AB8F-4DCA-B292-17D1EEB4E2B2}"
EndProject
Global
	GlobalSection(SolutionConfigurationPlatforms) = preSolution
		Debug|Any CPU = Debug|Any CPU
		Release|Any CPU = Release|Any CPU
	EndGlobalSection
	GlobalSection(ProjectConfigurationPlatforms) = postSolution
		{56A19D8C-AB8F-4DCA-B292-17D1EEB4E2B2}.Debug|Any CPU.ActiveCfg = Debug|Any CPU
		{56A19D8C-AB8F-4DCA-B292-17D1EEB4E2B2}.Debug|Any CPU.Build.0 = Debug|Any CPU
		{56A19D8C-AB8F-4DCA-B292-17D1EEB4E2B2}.Release|Any CPU.ActiveCfg = Release|Any CPU
		{56A19D8C-AB8F-4DCA-B292-17D1EEB4E2B2}.Release|Any CPU.Build.0 = Release|Any CPU
	EndGlobalSection
	GlobalSection(SolutionProperties) = preSolution
		HideSolutionNode = FALSE
	EndGlobalSection
	GlobalSection(ExtensibilityGlobals) = postSolution
		SolutionGuid = {C71ECF5C-DBC8-402B-9780-EA4261E4BFDB}
	EndGlobalSection
EndGlobal
